
Microsoft Visual Studio Solution File, Format Version 11.00
# Visual Studio 2010
Project("{FAE04EC0-301F-11D3-BF4B-00C04F79EFBC}") = "NCDynDNS", "NCDynDNS.csproj", "{7B531AB2-F858-4645-AE27-CD90B8998374}"
EndProject
Global
	GlobalSection(SolutionConfigurationPlatforms) = preSolution
		Debug|x86 = Debug|x86
		Release|x86 = Release|x86
	EndGlobalSection
	GlobalSection(ProjectConfigurationPlatforms) = postSolution
		{7B531AB2-F858-4645-AE27-CD90B8998374}.Debug|x86.ActiveCfg = Debug|x86
		{7B531AB2-F858-4645-AE27-CD90B8998374}.Debug|x86.Build.0 = Debug|x86
		{7B531AB2-F858-4645-AE27-CD90B8998374}.Release|x86.ActiveCfg = Release|x86
		{7B531AB2-F858-4645-AE27-CD90B8998374}.Release|x86.Build.0 = Release|x86
	EndGlobalSection
	GlobalSection(SolutionProperties) = preSolution
		HideSolutionNode = FALSE
	EndGlobalSection
EndGlobal
