
Microsoft Visual Studio Solution File, Format Version 10.00
# Visual Studio 2008
Project("{FAE04EC0-301F-11D3-BF4B-00C04F79EFBC}") = "NCPonto", "NCPonto\NCPonto.csproj", "{9B071826-2BDA-4CAC-A83C-2AFF55953C9D}"
EndProject
Project("{54435603-DBB4-11D2-8724-00A0C9A8B90C}") = "Setup", "Setup\Setup.vdproj", "{2E0F35FA-E657-4D69-9084-746205E6DCF6}"
EndProject
Global
	GlobalSection(SolutionConfigurationPlatforms) = preSolution
		Debug|Any CPU = Debug|Any CPU
		Release|Any CPU = Release|Any CPU
	EndGlobalSection
	GlobalSection(ProjectConfigurationPlatforms) = postSolution
		{9B071826-2BDA-4CAC-A83C-2AFF55953C9D}.Debug|Any CPU.ActiveCfg = Debug|Any CPU
		{9B071826-2BDA-4CAC-A83C-2AFF55953C9D}.Debug|Any CPU.Build.0 = Debug|Any CPU
		{9B071826-2BDA-4CAC-A83C-2AFF55953C9D}.Release|Any CPU.ActiveCfg = Release|Any CPU
		{9B071826-2BDA-4CAC-A83C-2AFF55953C9D}.Release|Any CPU.Build.0 = Release|Any CPU
		{2E0F35FA-E657-4D69-9084-746205E6DCF6}.Debug|Any CPU.ActiveCfg = Debug
		{2E0F35FA-E657-4D69-9084-746205E6DCF6}.Release|Any CPU.ActiveCfg = Release
	EndGlobalSection
	GlobalSection(SolutionProperties) = preSolution
		HideSolutionNode = FALSE
	EndGlobalSection
EndGlobal
