
Microsoft Visual Studio Solution File, Format Version 11.00
# Visual Studio 2010
Project("{FAE04EC0-301F-11D3-BF4B-00C04F79EFBC}") = "MainPHCRegul", "MainPHCRegul.csproj", "{46261721-EEC2-483A-865F-9021D240CDEC}"
EndProject
Global
	GlobalSection(SolutionConfigurationPlatforms) = preSolution
		Debug|Any CPU = Debug|Any CPU
		Release|Any CPU = Release|Any CPU
	EndGlobalSection
	GlobalSection(ProjectConfigurationPlatforms) = postSolution
		{46261721-EEC2-483A-865F-9021D240CDEC}.Debug|Any CPU.ActiveCfg = Debug|Any CPU
		{46261721-EEC2-483A-865F-9021D240CDEC}.Debug|Any CPU.Build.0 = Debug|Any CPU
		{46261721-EEC2-483A-865F-9021D240CDEC}.Release|Any CPU.ActiveCfg = Release|Any CPU
		{46261721-EEC2-483A-865F-9021D240CDEC}.Release|Any CPU.Build.0 = Release|Any CPU
	EndGlobalSection
	GlobalSection(SolutionProperties) = preSolution
		HideSolutionNode = FALSE
	EndGlobalSection
EndGlobal
